
Microsoft Visual Studio Solution File, Format Version 12.00
# Visual Studio Version 17
VisualStudioVersion = 17.1.32319.34
MinimumVisualStudioVersion = 10.0.40219.1
Project("{FAE04EC0-301F-11D3-BF4B-00C04F79EFBC}") = "EqSolveWeb", "EqSolveWeb.csproj", "{A6FCABD4-6289-46A3-9BF1-04F8C106BD2D}"
EndProject
Global
	GlobalSection(SolutionConfigurationPlatforms) = preSolution
		Debug|Any CPU = Debug|Any CPU
		Release|Any CPU = Release|Any CPU
	EndGlobalSection
	GlobalSection(ProjectConfigurationPlatforms) = postSolution
		{A6FCABD4-6289-46A3-9BF1-04F8C106BD2D}.Debug|Any CPU.ActiveCfg = Debug|Any CPU
		{A6FCABD4-6289-46A3-9BF1-04F8C106BD2D}.Debug|Any CPU.Build.0 = Debug|Any CPU
		{A6FCABD4-6289-46A3-9BF1-04F8C106BD2D}.Release|Any CPU.ActiveCfg = Release|Any CPU
		{A6FCABD4-6289-46A3-9BF1-04F8C106BD2D}.Release|Any CPU.Build.0 = Release|Any CPU
	EndGlobalSection
	GlobalSection(SolutionProperties) = preSolution
		HideSolutionNode = FALSE
	EndGlobalSection
	GlobalSection(ExtensibilityGlobals) = postSolution
		SolutionGuid = {E1848DD4-3EE8-4A01-BC93-ABF1C88C6711}
	EndGlobalSection
EndGlobal
